{
  "nodes": {
    "nixpkgs": {
      "locked": {
        "lastModified": 1695498231,
        "narHash": "sha256-iKiMaOs3WO0cskDuFyz8KBRLVWMbnYIRoootfTHXGCQ=",
        "owner": "nixos",
        "repo": "nixpkgs",
        "rev": "de359db4b9495ce801604b2e4c00d8f85744791e",
        "type": "github"
      },
      "original": {
        "owner": "nixos",
        "repo": "nixpkgs",
        "type": "github"
      }
    },
    "root": {
      "inputs": {
        "nixpkgs": "nixpkgs"
      }
    }
  },
  "root": "root",
  "version": 7
}
