{
  "nodes": {
    "nixpkgs": {
      "locked": {
        "lastModified": 1695146013,
        "narHash": "sha256-RcZsstP7KFf8Wult/omNJI/hTJRgLQ6/AVMJgZ7YGxo=",
        "owner": "ghostbuster91",
        "repo": "nixpkgs",
        "rev": "ced9716e2997fecf035c058cd934b95f85a31a0b",
        "type": "github"
      },
      "original": {
        "owner": "ghostbuster91",
        "ref": "ktfmt-2",
        "repo": "nixpkgs",
        "type": "github"
      }
    },
    "root": {
      "inputs": {
        "nixpkgs": "nixpkgs"
      }
    }
  },
  "root": "root",
  "version": 7
}
