{
  "nodes": {
    "nixpkgs": {
      "locked": {
        "lastModified": 1695122542,
        "narHash": "sha256-RF5qetbSlz0vU7tPiim2/Lr9borEwyRr7O/KqY5VSHg=",
        "owner": "ghostbuster91",
        "repo": "nixpkgs",
        "rev": "119e00361c8a8d60c03680b6238e6d6f9747b916",
        "type": "github"
      },
      "original": {
        "owner": "ghostbuster91",
        "ref": "ktfmt-2",
        "repo": "nixpkgs",
        "type": "github"
      }
    },
    "root": {
      "inputs": {
        "nixpkgs": "nixpkgs"
      }
    }
  },
  "root": "root",
  "version": 7
}
